{
  "name": "pixelbin-client",
  "version": "1.0.0",
  "lockfileVersion": 1,
  "requires": true,
  "dependencies": {
    "@babel/runtime": {
      "version": "7.10.2",
      "resolved": "https://registry.npmjs.org/@babel/runtime/-/runtime-7.10.2.tgz",
      "integrity": "sha512-6sF3uQw2ivImfVIl62RZ7MXhO2tap69WeWK57vAaimT6AZbE4FbqjdEJIN1UqoD6wI6B+1n9UiagafH1sxjOtg==",
      "requires": {
        "regenerator-runtime": "^0.13.4"
      }
    },
    "@babel/runtime-corejs3": {
      "version": "7.10.2",
      "resolved": "https://registry.npmjs.org/@babel/runtime-corejs3/-/runtime-corejs3-7.10.2.tgz",
      "integrity": "sha512-+a2M/u7r15o3dV1NEizr9bRi+KUVnrs/qYxF0Z06DAPx/4VCWaz1WA7EcbE+uqGgt39lp5akWGmHsTseIkHkHg==",
      "dev": true,
      "requires": {
        "core-js-pure": "^3.0.0",
        "regenerator-runtime": "^0.13.4"
      }
    },
    "@fluent/bundle": {
      "version": "0.15.1",
      "resolved": "https://registry.npmjs.org/@fluent/bundle/-/bundle-0.15.1.tgz",
      "integrity": "sha512-uhDGjpEwTMBNxYMSXyjXFBG5LY7dqoNatle6mnghu5lFOrf0JyblY/Y0al2GzDKFuYbtOSbJvUkxzjtYX3odkw=="
    },
    "@fluent/langneg": {
      "version": "0.4.0",
      "resolved": "https://registry.npmjs.org/@fluent/langneg/-/langneg-0.4.0.tgz",
      "integrity": "sha512-MV5/cFL5TrTNhZ/gOlkJmU0KWSHSIxsyJiNjwkIsQOGZlZ56vU92hOfgG47tBRJ9Or74WTxyQcteCSlPHddnww=="
    },
    "@fluent/react": {
      "version": "0.12.0",
      "resolved": "https://registry.npmjs.org/@fluent/react/-/react-0.12.0.tgz",
      "integrity": "sha512-JrQS0OMrPk913HOSuZ356mQ7z7O98GXv20R8pPKj8OMv2XHzL0tP1/kJ1kZUc74TOXtYOUUqD15n3r5vYJrALg==",
      "requires": {
        "@fluent/sequence": "0.5.0",
        "cached-iterable": "^0.2.1",
        "prop-types": "^15.6.0"
      }
    },
    "@fluent/sequence": {
      "version": "0.5.0",
      "resolved": "https://registry.npmjs.org/@fluent/sequence/-/sequence-0.5.0.tgz",
      "integrity": "sha512-70LhnbPO/sO2rI2vHws66QwKq9a7PKiEN0hrc65xY3LzWq3AlATZnt+EmFG1ihmPI+5mqGPnJMAdpp3qze3X2Q=="
    },
    "@jest/types": {
      "version": "25.5.0",
      "resolved": "https://registry.npmjs.org/@jest/types/-/types-25.5.0.tgz",
      "integrity": "sha512-OXD0RgQ86Tu3MazKo8bnrkDRaDXXMGUqd+kTtLtK1Zb7CRzQcaSRPPPV37SvYTdevXEBVxe0HXylEjs8ibkmCw==",
      "dev": true,
      "requires": {
        "@types/istanbul-lib-coverage": "^2.0.0",
        "@types/istanbul-reports": "^1.1.1",
        "@types/yargs": "^15.0.0",
        "chalk": "^3.0.0"
      }
    },
    "@testing-library/dom": {
      "version": "7.15.0",
      "resolved": "https://registry.npmjs.org/@testing-library/dom/-/dom-7.15.0.tgz",
      "integrity": "sha512-H+cQksHNYjxTS62S+exT5ZcBZeJXE3NDHUKs6MTopp4cMgd8DHX78IUohyUGqJRD1AthtgnKujrPTxYdWZ/w9w==",
      "dev": true,
      "requires": {
        "@babel/runtime": "^7.10.2",
        "aria-query": "^4.0.2",
        "dom-accessibility-api": "^0.4.5",
        "pretty-format": "^25.5.0"
      }
    },
    "@testing-library/react": {
      "version": "10.2.1",
      "resolved": "https://registry.npmjs.org/@testing-library/react/-/react-10.2.1.tgz",
      "integrity": "sha512-pv2jZhiZgN1/alz1aImhSasZAOPg3er2Kgcfg9fzuw7aKPLxVengqqR1n0CJANeErR1DqORauQaod+gGUgAJOQ==",
      "dev": true,
      "requires": {
        "@babel/runtime": "^7.10.2",
        "@testing-library/dom": "^7.9.0"
      }
    },
    "@types/color-name": {
      "version": "1.1.1",
      "resolved": "https://registry.npmjs.org/@types/color-name/-/color-name-1.1.1.tgz",
      "integrity": "sha512-rr+OQyAjxze7GgWrSaJwydHStIhHq2lvY3BOC2Mj7KnzI7XK0Uw1TOOdI9lDoajEbSWLiYgoo4f1R51erQfhPQ==",
      "dev": true
    },
    "@types/istanbul-lib-coverage": {
      "version": "2.0.3",
      "resolved": "https://registry.npmjs.org/@types/istanbul-lib-coverage/-/istanbul-lib-coverage-2.0.3.tgz",
      "integrity": "sha512-sz7iLqvVUg1gIedBOvlkxPlc8/uVzyS5OwGz1cKjXzkl3FpL3al0crU8YGU1WoHkxn0Wxbw5tyi6hvzJKNzFsw==",
      "dev": true
    },
    "@types/istanbul-lib-report": {
      "version": "3.0.0",
      "resolved": "https://registry.npmjs.org/@types/istanbul-lib-report/-/istanbul-lib-report-3.0.0.tgz",
      "integrity": "sha512-plGgXAPfVKFoYfa9NpYDAkseG+g6Jr294RqeqcqDixSbU34MZVJRi/P+7Y8GDpzkEwLaGZZOpKIEmeVZNtKsrg==",
      "dev": true,
      "requires": {
        "@types/istanbul-lib-coverage": "*"
      }
    },
    "@types/istanbul-reports": {
      "version": "1.1.2",
      "resolved": "https://registry.npmjs.org/@types/istanbul-reports/-/istanbul-reports-1.1.2.tgz",
      "integrity": "sha512-P/W9yOX/3oPZSpaYOCQzGqgCQRXn0FFO/V8bWrCQs+wLmvVVxk6CRBXALEvNs9OHIatlnlFokfhuDo2ug01ciw==",
      "dev": true,
      "requires": {
        "@types/istanbul-lib-coverage": "*",
        "@types/istanbul-lib-report": "*"
      }
    },
    "@types/yargs": {
      "version": "15.0.5",
      "resolved": "https://registry.npmjs.org/@types/yargs/-/yargs-15.0.5.tgz",
      "integrity": "sha512-Dk/IDOPtOgubt/IaevIUbTgV7doaKkoorvOyYM2CMwuDyP89bekI7H4xLIwunNYiK9jhCkmc6pUrJk3cj2AB9w==",
      "dev": true,
      "requires": {
        "@types/yargs-parser": "*"
      }
    },
    "@types/yargs-parser": {
      "version": "15.0.0",
      "resolved": "https://registry.npmjs.org/@types/yargs-parser/-/yargs-parser-15.0.0.tgz",
      "integrity": "sha512-FA/BWv8t8ZWJ+gEOnLLd8ygxH/2UFbAvgEonyfN6yWGLKc7zVjbpl2Y4CTjid9h2RfgPP6SEt6uHwEOply00yw==",
      "dev": true
    },
    "ansi-regex": {
      "version": "5.0.0",
      "resolved": "https://registry.npmjs.org/ansi-regex/-/ansi-regex-5.0.0.tgz",
      "integrity": "sha512-bY6fj56OUQ0hU1KjFNDQuJFezqKdrAyFdIevADiqrWHwSlbmBNMHp5ak2f40Pm8JTFyM2mqxkG6ngkHO11f/lg==",
      "dev": true
    },
    "ansi-styles": {
      "version": "4.2.1",
      "resolved": "https://registry.npmjs.org/ansi-styles/-/ansi-styles-4.2.1.tgz",
      "integrity": "sha512-9VGjrMsG1vePxcSweQsN20KY/c4zN0h9fLjqAbwbPfahM3t+NL+M9HC8xeXG2I8pX5NoamTGNuomEUFI7fcUjA==",
      "dev": true,
      "requires": {
        "@types/color-name": "^1.1.1",
        "color-convert": "^2.0.1"
      }
    },
    "aria-query": {
      "version": "4.0.2",
      "resolved": "https://registry.npmjs.org/aria-query/-/aria-query-4.0.2.tgz",
      "integrity": "sha512-S1G1V790fTaigUSM/Gd0NngzEfiMy9uTUfMyHhKhVyy4cH5O/eTuR01ydhGL0z4Za1PXFTRGH3qL8VhUQuEO5w==",
      "dev": true,
      "requires": {
        "@babel/runtime": "^7.7.4",
        "@babel/runtime-corejs3": "^7.7.4"
      }
    },
    "cached-iterable": {
      "version": "0.2.1",
      "resolved": "https://registry.npmjs.org/cached-iterable/-/cached-iterable-0.2.1.tgz",
      "integrity": "sha512-8zAVjMjdn/S/QXJaOnqsko0+ZJzXT2Dum2u9TMGg5YR9fxONPrUjuO9VYqnb1AoldXeYVAcNJLgT5Q8WaIJSgA=="
    },
    "chalk": {
      "version": "3.0.0",
      "resolved": "https://registry.npmjs.org/chalk/-/chalk-3.0.0.tgz",
      "integrity": "sha512-4D3B6Wf41KOYRFdszmDqMCGq5VV/uMAB273JILmO+3jAlh8X4qDtdtgCR3fxtbLEMzSx22QdhnDcJvu2u1fVwg==",
      "dev": true,
      "requires": {
        "ansi-styles": "^4.1.0",
        "supports-color": "^7.1.0"
      }
    },
    "color-convert": {
      "version": "2.0.1",
      "resolved": "https://registry.npmjs.org/color-convert/-/color-convert-2.0.1.tgz",
      "integrity": "sha512-RRECPsj7iu/xb5oKYcsFHSppFNnsj/52OVTRKb4zP5onXwVF3zVmmToNcOfGC+CRDpfK/U584fMg38ZHCaElKQ==",
      "dev": true,
      "requires": {
        "color-name": "~1.1.4"
      }
    },
    "color-name": {
      "version": "1.1.4",
      "resolved": "https://registry.npmjs.org/color-name/-/color-name-1.1.4.tgz",
      "integrity": "sha512-dOy+3AuW3a2wNbZHIuMZpTcgjGuLU/uBL/ubcZF9OXbDo8ff4O8yVp5Bf0efS8uEoYo5q4Fx7dY9OgQGXgAsQA==",
      "dev": true
    },
    "core-js": {
      "version": "3.6.5",
      "resolved": "https://registry.npmjs.org/core-js/-/core-js-3.6.5.tgz",
      "integrity": "sha512-vZVEEwZoIsI+vPEuoF9Iqf5H7/M3eeQqWlQnYa8FSKKePuYTf5MWnxb5SDAzCa60b3JBRS5g9b+Dq7b1y/RCrA=="
    },
    "core-js-pure": {
      "version": "3.6.5",
      "resolved": "https://registry.npmjs.org/core-js-pure/-/core-js-pure-3.6.5.tgz",
      "integrity": "sha512-lacdXOimsiD0QyNf9BC/mxivNJ/ybBGJXQFKzRekp1WTHoVUWsUHEn+2T8GJAzzIhyOuXA+gOxCVN3l+5PLPUA==",
      "dev": true
    },
    "deeds": {
      "version": "3.0.0",
      "resolved": "https://registry.npmjs.org/deeds/-/deeds-3.0.0.tgz",
      "integrity": "sha512-/6xn1MAseE+36//aCao/dniaKITsjZw42qKeqaKAFEYwWsddI5h1NfAcKhDgHfoIuQdLMIrUmp+BbF56XUimcA=="
    },
    "deep-diff": {
      "version": "0.3.8",
      "resolved": "https://registry.npmjs.org/deep-diff/-/deep-diff-0.3.8.tgz",
      "integrity": "sha1-wB3mPvsO7JeYgB1Ax+Da4ltYLIQ="
    },
    "dom-accessibility-api": {
      "version": "0.4.5",
      "resolved": "https://registry.npmjs.org/dom-accessibility-api/-/dom-accessibility-api-0.4.5.tgz",
      "integrity": "sha512-HcPDilI95nKztbVikaN2vzwvmv0sE8Y2ZJFODy/m15n7mGXLeOKGiys9qWVbFbh+aq/KYj2lqMLybBOkYAEXqg==",
      "dev": true
    },
    "file-type": {
      "version": "12.4.2",
      "resolved": "https://registry.npmjs.org/file-type/-/file-type-12.4.2.tgz",
      "integrity": "sha512-UssQP5ZgIOKelfsaB5CuGAL+Y+q7EmONuiwF3N5HAH0t27rvrttgi6Ra9k/+DVaY9UF6+ybxu5pOXLUdA8N7Vg=="
    },
    "has-flag": {
      "version": "4.0.0",
      "resolved": "https://registry.npmjs.org/has-flag/-/has-flag-4.0.0.tgz",
      "integrity": "sha512-EykJT/Q1KjTWctppgIAgfSO0tKVuZUjhgMr17kqTumMl6Afv3EISleU7qZUzoXDFTAHTDC4NOoG/ZxU3EvlMPQ==",
      "dev": true
    },
    "hoist-non-react-statics": {
      "version": "3.3.2",
      "resolved": "https://registry.npmjs.org/hoist-non-react-statics/-/hoist-non-react-statics-3.3.2.tgz",
      "integrity": "sha512-/gGivxi8JPKWNm/W0jSmzcMPpfpPLc3dY/6GxhX2hQ9iGj3aDfklV4ET7NjKpSinLpJ5vafa9iiGIEZg10SfBw==",
      "requires": {
        "react-is": "^16.7.0"
      }
    },
    "immer": {
      "version": "7.0.1",
      "resolved": "https://registry.npmjs.org/immer/-/immer-7.0.1.tgz",
      "integrity": "sha512-DpWL/ES2Ba8KwW+A5AgNRoJPZP8LxdHejKXar1VfbF5a7ATvvekzmmNSQxje+WG0DIhuanvFEumFffVqyCLmBQ=="
    },
    "js-tokens": {
      "version": "4.0.0",
      "resolved": "https://registry.npmjs.org/js-tokens/-/js-tokens-4.0.0.tgz",
      "integrity": "sha512-RdJUflcE3cUzKiMqQgsCu06FPu9UdIJO0beYbPhHN4k6apgJtifcoCtT9bcxOpYBtpD2kCM6Sbzg4CausW/PKQ=="
    },
    "loose-envify": {
      "version": "1.4.0",
      "resolved": "https://registry.npmjs.org/loose-envify/-/loose-envify-1.4.0.tgz",
      "integrity": "sha512-lyuxPGr/Wfhrlem2CL/UcnUc1zcqKAImBDzukY7Y5F/yQiNdko6+fRLevlw1HgMySw7f611UIY408EtxRSoK3Q==",
      "requires": {
        "js-tokens": "^3.0.0 || ^4.0.0"
      }
    },
    "media-metadata": {
      "version": "2.1.0",
      "resolved": "https://registry.npmjs.org/media-metadata/-/media-metadata-2.1.0.tgz",
      "integrity": "sha512-TLujwc04szJouFvrh1ijgITinW4hUx32A2XdS1eMTsd7QtBTpd41Tz5spnBgwxSYmbT5pWqCShg4bZshqG3KMw==",
      "requires": {
        "file-type": "^12.4.2",
        "moment": "^2.24.0",
        "xmldom": "^0.1.31"
      }
    },
    "moment": {
      "version": "2.26.0",
      "resolved": "https://registry.npmjs.org/moment/-/moment-2.26.0.tgz",
      "integrity": "sha512-oIixUO+OamkUkwjhAVE18rAMfRJNsNe/Stid/gwHSOfHrOtw9EhAY2AHvdKZ/k/MggcYELFCJz/Sn2pL8b8JMw=="
    },
    "object-assign": {
      "version": "4.1.1",
      "resolved": "https://registry.npmjs.org/object-assign/-/object-assign-4.1.1.tgz",
      "integrity": "sha1-IQmtx5ZYh8/AXLvUQsrIv7s2CGM="
    },
    "pretty-format": {
      "version": "25.5.0",
      "resolved": "https://registry.npmjs.org/pretty-format/-/pretty-format-25.5.0.tgz",
      "integrity": "sha512-kbo/kq2LQ/A/is0PQwsEHM7Ca6//bGPPvU6UnsdDRSKTWxT/ru/xb88v4BJf6a69H+uTytOEsTusT9ksd/1iWQ==",
      "dev": true,
      "requires": {
        "@jest/types": "^25.5.0",
        "ansi-regex": "^5.0.0",
        "ansi-styles": "^4.0.0",
        "react-is": "^16.12.0"
      }
    },
    "prop-types": {
      "version": "15.7.2",
      "resolved": "https://registry.npmjs.org/prop-types/-/prop-types-15.7.2.tgz",
      "integrity": "sha512-8QQikdH7//R2vurIJSutZ1smHYTcLpRWEOlHnzcWHmBYrOGUysKwSsrC89BCiFj3CbrfJ/nXFdJepOVrY1GCHQ==",
      "requires": {
        "loose-envify": "^1.4.0",
        "object-assign": "^4.1.1",
        "react-is": "^16.8.1"
      }
    },
    "react": {
      "version": "16.13.1",
      "resolved": "https://registry.npmjs.org/react/-/react-16.13.1.tgz",
      "integrity": "sha512-YMZQQq32xHLX0bz5Mnibv1/LHb3Sqzngu7xstSM+vrkE5Kzr9xE0yMByK5kMoTK30YVJE61WfbxIFFvfeDKT1w==",
      "requires": {
        "loose-envify": "^1.1.0",
        "object-assign": "^4.1.1",
        "prop-types": "^15.6.2"
      }
    },
    "react-dom": {
      "version": "16.13.1",
      "resolved": "https://registry.npmjs.org/react-dom/-/react-dom-16.13.1.tgz",
      "integrity": "sha512-81PIMmVLnCNLO/fFOQxdQkvEq/+Hfpv24XNJfpyZhTRfO0QcmQIF/PgCa1zCOj2w1hrn12MFLyaJ/G0+Mxtfag==",
      "requires": {
        "loose-envify": "^1.1.0",
        "object-assign": "^4.1.1",
        "prop-types": "^15.6.2",
        "scheduler": "^0.19.1"
      }
    },
    "react-is": {
      "version": "16.13.1",
      "resolved": "https://registry.npmjs.org/react-is/-/react-is-16.13.1.tgz",
      "integrity": "sha512-24e6ynE2H+OKt4kqsOvNd8kBpV65zoxbA4BVsEOB3ARVWQki/DHzaUoC5KuON/BiccDaCCTZBuOcfZs70kR8bQ=="
    },
    "react-redux": {
      "version": "7.2.0",
      "resolved": "https://registry.npmjs.org/react-redux/-/react-redux-7.2.0.tgz",
      "integrity": "sha512-EvCAZYGfOLqwV7gh849xy9/pt55rJXPwmYvI4lilPM5rUT/1NxuuN59ipdBksRVSvz0KInbPnp4IfoXJXCqiDA==",
      "requires": {
        "@babel/runtime": "^7.5.5",
        "hoist-non-react-statics": "^3.3.0",
        "loose-envify": "^1.4.0",
        "prop-types": "^15.7.2",
        "react-is": "^16.9.0"
      }
    },
    "redux": {
      "version": "4.0.5",
      "resolved": "https://registry.npmjs.org/redux/-/redux-4.0.5.tgz",
      "integrity": "sha512-VSz1uMAH24DM6MF72vcojpYPtrTUu3ByVWfPL1nPfVRb5mZVTve5GnNCUV53QM/BZ66xfWrm0CTWoM+Xlz8V1w==",
      "requires": {
        "loose-envify": "^1.4.0",
        "symbol-observable": "^1.2.0"
      }
    },
    "redux-logger": {
      "version": "3.0.6",
      "resolved": "https://registry.npmjs.org/redux-logger/-/redux-logger-3.0.6.tgz",
      "integrity": "sha1-91VZZvMJjzyIYExEnPC69XeCdL8=",
      "requires": {
        "deep-diff": "^0.3.5"
      }
    },
    "regenerator-runtime": {
      "version": "0.13.5",
      "resolved": "https://registry.npmjs.org/regenerator-runtime/-/regenerator-runtime-0.13.5.tgz",
      "integrity": "sha512-ZS5w8CpKFinUzOwW3c83oPeVXoNsrLsaCoLtJvAClH135j/R77RuymhiSErhm2lKcwSCIpmvIWSbDkIfAqKQlA=="
    },
    "scheduler": {
      "version": "0.19.1",
      "resolved": "https://registry.npmjs.org/scheduler/-/scheduler-0.19.1.tgz",
      "integrity": "sha512-n/zwRWRYSUj0/3g/otKDRPMh6qv2SYMWNq85IEa8iZyAv8od9zDYpGSnpBEjNgcMNq6Scbu5KfIPxNF72R/2EA==",
      "requires": {
        "loose-envify": "^1.1.0",
        "object-assign": "^4.1.1"
      }
    },
    "supports-color": {
      "version": "7.1.0",
      "resolved": "https://registry.npmjs.org/supports-color/-/supports-color-7.1.0.tgz",
      "integrity": "sha512-oRSIpR8pxT1Wr2FquTNnGet79b3BWljqOuoW/h4oBhxJ/HUbX5nX6JSruTkvXDCFMwDPvsaTTbvMLKZWSy0R5g==",
      "dev": true,
      "requires": {
        "has-flag": "^4.0.0"
      }
    },
    "symbol-observable": {
      "version": "1.2.0",
      "resolved": "https://registry.npmjs.org/symbol-observable/-/symbol-observable-1.2.0.tgz",
      "integrity": "sha512-e900nM8RRtGhlV36KGEU9k65K3mPb1WV70OdjfxlG2EAuM1noi/E/BaW/uMhL7bPEssK8QV57vN3esixjUvcXQ=="
    },
    "ts.data.json": {
      "version": "1.1.0",
      "resolved": "https://registry.npmjs.org/ts.data.json/-/ts.data.json-1.1.0.tgz",
      "integrity": "sha512-bdZJ19x6HVq7MTnCmSHDcOxipcVWhM8T86VaxScBd2awV/h1BW27iKL+DoFM4Nt5f9HUdp5V4IUGDHLrttLKyA=="
    },
    "xmldom": {
      "version": "0.1.31",
      "resolved": "https://registry.npmjs.org/xmldom/-/xmldom-0.1.31.tgz",
      "integrity": "sha512-yS2uJflVQs6n+CyjHoaBmVSqIDevTAWrzMmjG1Gc7h1qQ7uVozNhEPJAwZXWyGQ/Gafo3fCwrcaokezLPupVyQ=="
    }
  }
}
