{
  "name": "pixelbin-server",
  "version": "1.0.0",
  "lockfileVersion": 1,
  "requires": true,
  "dependencies": {
    "pixelbin-utils": {
      "version": "file:../utils"
    },
    "pixelbin-worker": {
      "version": "file:../worker",
      "requires": {
        "pixelbin-utils": "file:../utils"
      },
      "dependencies": {
        "pixelbin-utils": {
          "version": "file:../utils"
        }
      }
    }
  }
}
