{
  "name": "pixelbin-worker",
  "version": "1.0.0",
  "lockfileVersion": 1,
  "requires": true,
  "dependencies": {
    "ts.data.json": {
      "version": "1.1.0",
      "resolved": "https://registry.npmjs.org/ts.data.json/-/ts.data.json-1.1.0.tgz",
      "integrity": "sha512-bdZJ19x6HVq7MTnCmSHDcOxipcVWhM8T86VaxScBd2awV/h1BW27iKL+DoFM4Nt5f9HUdp5V4IUGDHLrttLKyA=="
    }
  }
}
